
Microsoft Visual Studio Solution File, Format Version 12.00
# Visual Studio Version 17
VisualStudioVersion = 17.6.33723.286
MinimumVisualStudioVersion = 10.0.40219.1
Project("{9A19103F-16F7-4668-BE54-9A1E7A4F7556}") = "WebAPI", "WebAPI\WebAPI.csproj", "{DB973531-F338-48E9-B8AD-BA2E78F75AEA}"
EndProject
Project("{2150E333-8FDC-42A3-9474-1A3956D46DE8}") = "Элементы решения", "Элементы решения", "{8A50BA30-124B-4943-97C6-9E2F84FB0556}"
	ProjectSection(SolutionItems) = preProject
		.gitignore = .gitignore
	EndProjectSection
EndProject
Project("{9A19103F-16F7-4668-BE54-9A1E7A4F7556}") = "Data", "Data\Data.csproj", "{D67F09B3-7C18-460C-91CF-BB52233F3F1C}"
EndProject
Project("{54A90642-561A-4BB1-A94E-469ADEE60C69}") = "clientapp", "ClientApp\clientapp.esproj", "{4BDCA511-FE2C-4C2C-8362-CE970B9EF630}"
EndProject
Project("{FAE04EC0-301F-11D3-BF4B-00C04F79EFBC}") = "Core", "Core\Core.csproj", "{53BD65CF-48DF-4DEF-A0D2-3243763750D6}"
EndProject
Project("{FAE04EC0-301F-11D3-BF4B-00C04F79EFBC}") = "Tests", "Tests\Tests.csproj", "{EA2B041D-6F19-46B8-B309-5F4A5349DE1A}"
EndProject
Global
	GlobalSection(SolutionConfigurationPlatforms) = preSolution
		Debug|Any CPU = Debug|Any CPU
		Release|Any CPU = Release|Any CPU
	EndGlobalSection
	GlobalSection(ProjectConfigurationPlatforms) = postSolution
		{DB973531-F338-48E9-B8AD-BA2E78F75AEA}.Debug|Any CPU.ActiveCfg = Debug|Any CPU
		{DB973531-F338-48E9-B8AD-BA2E78F75AEA}.Debug|Any CPU.Build.0 = Debug|Any CPU
		{DB973531-F338-48E9-B8AD-BA2E78F75AEA}.Release|Any CPU.ActiveCfg = Release|Any CPU
		{DB973531-F338-48E9-B8AD-BA2E78F75AEA}.Release|Any CPU.Build.0 = Release|Any CPU
		{D67F09B3-7C18-460C-91CF-BB52233F3F1C}.Debug|Any CPU.ActiveCfg = Debug|Any CPU
		{D67F09B3-7C18-460C-91CF-BB52233F3F1C}.Debug|Any CPU.Build.0 = Debug|Any CPU
		{D67F09B3-7C18-460C-91CF-BB52233F3F1C}.Release|Any CPU.ActiveCfg = Release|Any CPU
		{D67F09B3-7C18-460C-91CF-BB52233F3F1C}.Release|Any CPU.Build.0 = Release|Any CPU
		{4BDCA511-FE2C-4C2C-8362-CE970B9EF630}.Debug|Any CPU.ActiveCfg = Debug|Any CPU
		{4BDCA511-FE2C-4C2C-8362-CE970B9EF630}.Debug|Any CPU.Build.0 = Debug|Any CPU
		{4BDCA511-FE2C-4C2C-8362-CE970B9EF630}.Debug|Any CPU.Deploy.0 = Debug|Any CPU
		{4BDCA511-FE2C-4C2C-8362-CE970B9EF630}.Release|Any CPU.ActiveCfg = Release|Any CPU
		{4BDCA511-FE2C-4C2C-8362-CE970B9EF630}.Release|Any CPU.Build.0 = Release|Any CPU
		{4BDCA511-FE2C-4C2C-8362-CE970B9EF630}.Release|Any CPU.Deploy.0 = Release|Any CPU
		{53BD65CF-48DF-4DEF-A0D2-3243763750D6}.Debug|Any CPU.ActiveCfg = Debug|Any CPU
		{53BD65CF-48DF-4DEF-A0D2-3243763750D6}.Debug|Any CPU.Build.0 = Debug|Any CPU
		{53BD65CF-48DF-4DEF-A0D2-3243763750D6}.Release|Any CPU.ActiveCfg = Release|Any CPU
		{53BD65CF-48DF-4DEF-A0D2-3243763750D6}.Release|Any CPU.Build.0 = Release|Any CPU
		{EA2B041D-6F19-46B8-B309-5F4A5349DE1A}.Debug|Any CPU.ActiveCfg = Debug|Any CPU
		{EA2B041D-6F19-46B8-B309-5F4A5349DE1A}.Debug|Any CPU.Build.0 = Debug|Any CPU
		{EA2B041D-6F19-46B8-B309-5F4A5349DE1A}.Release|Any CPU.ActiveCfg = Release|Any CPU
		{EA2B041D-6F19-46B8-B309-5F4A5349DE1A}.Release|Any CPU.Build.0 = Release|Any CPU
	EndGlobalSection
	GlobalSection(SolutionProperties) = preSolution
		HideSolutionNode = FALSE
	EndGlobalSection
	GlobalSection(ExtensibilityGlobals) = postSolution
		SolutionGuid = {4A2467A7-96EE-4201-9CFF-251E040C7A5A}
	EndGlobalSection
EndGlobal
